// !$*UTF8*$!
{
	archiveVersion = 1;
	classes = {
	};
	objectVersion = 56;
	objects = {

/* Begin PBXBuildFile section */
		4F0A0121294B806100279964 /* AppDelegate.swift in Sources */ = {isa = PBXBuildFile; fileRef = 4F0A0120294B806100279964 /* AppDelegate.swift */; };
		4F0A0123294B806100279964 /* SceneDelegate.swift in Sources */ = {isa = PBXBuildFile; fileRef = 4F0A0122294B806100279964 /* SceneDelegate.swift */; };
		4F0A0125294B806100279964 /* ViewController.swift in Sources */ = {isa = PBXBuildFile; fileRef = 4F0A0124294B806100279964 /* ViewController.swift */; };
		4F0A0128294B806100279964 /* Main.storyboard in Resources */ = {isa = PBXBuildFile; fileRef = 4F0A0126294B806100279964 /* Main.storyboard */; };
		4F0A012A294B806200279964 /* Assets.xcassets in Resources */ = {isa = PBXBuildFile; fileRef = 4F0A0129294B806200279964 /* Assets.xcassets */; };
		4F0A012D294B806200279964 /* LaunchScreen.storyboard in Resources */ = {isa = PBXBuildFile; fileRef = 4F0A012B294B806200279964 /* LaunchScreen.storyboard */; };
		4F0A013E294B816200279964 /* NewsViewModel.swift in Sources */ = {isa = PBXBuildFile; fileRef = 4F0A0134294B816200279964 /* NewsViewModel.swift */; };
		4F0A013F294B816200279964 /* AddNoteCell.swift in Sources */ = {isa = PBXBuildFile; fileRef = 4F0A0135294B816200279964 /* AddNoteCell.swift */; };
		4F0A0140294B816200279964 /* ColorPaletteView.swift in Sources */ = {isa = PBXBuildFile; fileRef = 4F0A0136294B816200279964 /* ColorPaletteView.swift */; };
		4F0A0141294B816200279964 /* NoteCell.swift in Sources */ = {isa = PBXBuildFile; fileRef = 4F0A0137294B816200279964 /* NoteCell.swift */; };
		4F0A0142294B816200279964 /* UIViewPin.swift in Sources */ = {isa = PBXBuildFile; fileRef = 4F0A0138294B816200279964 /* UIViewPin.swift */; };
		4F0A0143294B816200279964 /* NewsViewController.swift in Sources */ = {isa = PBXBuildFile; fileRef = 4F0A0139294B816200279964 /* NewsViewController.swift */; };
		4F0A0144294B816200279964 /* NewsCell.swift in Sources */ = {isa = PBXBuildFile; fileRef = 4F0A013A294B816200279964 /* NewsCell.swift */; };
		4F0A0145294B816200279964 /* ShortNote.swift in Sources */ = {isa = PBXBuildFile; fileRef = 4F0A013B294B816200279964 /* ShortNote.swift */; };
		4F0A0146294B816200279964 /* NotesViewController.swift in Sources */ = {isa = PBXBuildFile; fileRef = 4F0A013C294B816200279964 /* NotesViewController.swift */; };
		4F0A0147294B816200279964 /* NewsListViewController.swift in Sources */ = {isa = PBXBuildFile; fileRef = 4F0A013D294B816200279964 /* NewsListViewController.swift */; };
/* End PBXBuildFile section */

/* Begin PBXFileReference section */
		4F0A011D294B806100279964 /* bgsavkoHW5.app */ = {isa = PBXFileReference; explicitFileType = wrapper.application; includeInIndex = 0; path = bgsavkoHW5.app; sourceTree = BUILT_PRODUCTS_DIR; };
		4F0A0120294B806100279964 /* AppDelegate.swift */ = {isa = PBXFileReference; lastKnownFileType = sourcecode.swift; path = AppDelegate.swift; sourceTree = "<group>"; };
		4F0A0122294B806100279964 /* SceneDelegate.swift */ = {isa = PBXFileReference; lastKnownFileType = sourcecode.swift; path = SceneDelegate.swift; sourceTree = "<group>"; };
		4F0A0124294B806100279964 /* ViewController.swift */ = {isa = PBXFileReference; lastKnownFileType = sourcecode.swift; path = ViewController.swift; sourceTree = "<group>"; };
		4F0A0127294B806100279964 /* Base */ = {isa = PBXFileReference; lastKnownFileType = file.storyboard; name = Base; path = Base.lproj/Main.storyboard; sourceTree = "<group>"; };
		4F0A0129294B806200279964 /* Assets.xcassets */ = {isa = PBXFileReference; lastKnownFileType = folder.assetcatalog; path = Assets.xcassets; sourceTree = "<group>"; };
		4F0A012C294B806200279964 /* Base */ = {isa = PBXFileReference; lastKnownFileType = file.storyboard; name = Base; path = Base.lproj/LaunchScreen.storyboard; sourceTree = "<group>"; };
		4F0A012E294B806200279964 /* Info.plist */ = {isa = PBXFileReference; lastKnownFileType = text.plist.xml; path = Info.plist; sourceTree = "<group>"; };
		4F0A0134294B816200279964 /* NewsViewModel.swift */ = {isa = PBXFileReference; fileEncoding = 4; lastKnownFileType = sourcecode.swift; path = NewsViewModel.swift; sourceTree = "<group>"; };
		4F0A0135294B816200279964 /* AddNoteCell.swift */ = {isa = PBXFileReference; fileEncoding = 4; lastKnownFileType = sourcecode.swift; path = AddNoteCell.swift; sourceTree = "<group>"; };
		4F0A0136294B816200279964 /* ColorPaletteView.swift */ = {isa = PBXFileReference; fileEncoding = 4; lastKnownFileType = sourcecode.swift; path = ColorPaletteView.swift; sourceTree = "<group>"; };
		4F0A0137294B816200279964 /* NoteCell.swift */ = {isa = PBXFileReference; fileEncoding = 4; lastKnownFileType = sourcecode.swift; path = NoteCell.swift; sourceTree = "<group>"; };
		4F0A0138294B816200279964 /* UIViewPin.swift */ = {isa = PBXFileReference; fileEncoding = 4; lastKnownFileType = sourcecode.swift; path = UIViewPin.swift; sourceTree = "<group>"; };
		4F0A0139294B816200279964 /* NewsViewController.swift */ = {isa = PBXFileReference; fileEncoding = 4; lastKnownFileType = sourcecode.swift; path = NewsViewController.swift; sourceTree = "<group>"; };
		4F0A013A294B816200279964 /* NewsCell.swift */ = {isa = PBXFileReference; fileEncoding = 4; lastKnownFileType = sourcecode.swift; path = NewsCell.swift; sourceTree = "<group>"; };
		4F0A013B294B816200279964 /* ShortNote.swift */ = {isa = PBXFileReference; fileEncoding = 4; lastKnownFileType = sourcecode.swift; path = ShortNote.swift; sourceTree = "<group>"; };
		4F0A013C294B816200279964 /* NotesViewController.swift */ = {isa = PBXFileReference; fileEncoding = 4; lastKnownFileType = sourcecode.swift; path = NotesViewController.swift; sourceTree = "<group>"; };
		4F0A013D294B816200279964 /* NewsListViewController.swift */ = {isa = PBXFileReference; fileEncoding = 4; lastKnownFileType = sourcecode.swift; path = NewsListViewController.swift; sourceTree = "<group>"; };
/* End PBXFileReference section */

/* Begin PBXFrameworksBuildPhase section */
		4F0A011A294B806100279964 /* Frameworks */ = {
			isa = PBXFrameworksBuildPhase;
			buildActionMask = 2147483647;
			files = (
			);
			runOnlyForDeploymentPostprocessing = 0;
		};
/* End PBXFrameworksBuildPhase section */

/* Begin PBXGroup section */
		4F0A0114294B806100279964 = {
			isa = PBXGroup;
			children = (
				4F0A011F294B806100279964 /* bgsavkoHW5 */,
				4F0A011E294B806100279964 /* Products */,
			);
			sourceTree = "<group>";
		};
		4F0A011E294B806100279964 /* Products */ = {
			isa = PBXGroup;
			children = (
				4F0A011D294B806100279964 /* bgsavkoHW5.app */,
			);
			name = Products;
			sourceTree = "<group>";
		};
		4F0A011F294B806100279964 /* bgsavkoHW5 */ = {
			isa = PBXGroup;
			children = (
				4F0A0135294B816200279964 /* AddNoteCell.swift */,
				4F0A0136294B816200279964 /* ColorPaletteView.swift */,
				4F0A013A294B816200279964 /* NewsCell.swift */,
				4F0A013D294B816200279964 /* NewsListViewController.swift */,
				4F0A0139294B816200279964 /* NewsViewController.swift */,
				4F0A0134294B816200279964 /* NewsViewModel.swift */,
				4F0A0137294B816200279964 /* NoteCell.swift */,
				4F0A013C294B816200279964 /* NotesViewController.swift */,
				4F0A013B294B816200279964 /* ShortNote.swift */,
				4F0A0138294B816200279964 /* UIViewPin.swift */,
				4F0A0120294B806100279964 /* AppDelegate.swift */,
				4F0A0122294B806100279964 /* SceneDelegate.swift */,
				4F0A0124294B806100279964 /* ViewController.swift */,
				4F0A0126294B806100279964 /* Main.storyboard */,
				4F0A0129294B806200279964 /* Assets.xcassets */,
				4F0A012B294B806200279964 /* LaunchScreen.storyboard */,
				4F0A012E294B806200279964 /* Info.plist */,
			);
			path = bgsavkoHW5;
			sourceTree = "<group>";
		};
/* End PBXGroup section */

/* Begin PBXNativeTarget section */
		4F0A011C294B806100279964 /* bgsavkoHW5 */ = {
			isa = PBXNativeTarget;
			buildConfigurationList = 4F0A0131294B806200279964 /* Build configuration list for PBXNativeTarget "bgsavkoHW5" */;
			buildPhases = (
				4F0A0119294B806100279964 /* Sources */,
				4F0A011A294B806100279964 /* Frameworks */,
				4F0A011B294B806100279964 /* Resources */,
			);
			buildRules = (
			);
			dependencies = (
			);
			name = bgsavkoHW5;
			productName = bgsavkoHW5;
			productReference = 4F0A011D294B806100279964 /* bgsavkoHW5.app */;
			productType = "com.apple.product-type.application";
		};
/* End PBXNativeTarget section */

/* Begin PBXProject section */
		4F0A0115294B806100279964 /* Project object */ = {
			isa = PBXProject;
			attributes = {
				BuildIndependentTargetsInParallel = 1;
				LastSwiftUpdateCheck = 1410;
				LastUpgradeCheck = 1410;
				TargetAttributes = {
					4F0A011C294B806100279964 = {
						CreatedOnToolsVersion = 14.1;
					};
				};
			};
			buildConfigurationList = 4F0A0118294B806100279964 /* Build configuration list for PBXProject "bgsavkoHW5" */;
			compatibilityVersion = "Xcode 14.0";
			developmentRegion = en;
			hasScannedForEncodings = 0;
			knownRegions = (
				en,
				Base,
			);
			mainGroup = 4F0A0114294B806100279964;
			productRefGroup = 4F0A011E294B806100279964 /* Products */;
			projectDirPath = "";
			projectRoot = "";
			targets = (
				4F0A011C294B806100279964 /* bgsavkoHW5 */,
			);
		};
/* End PBXProject section */

/* Begin PBXResourcesBuildPhase section */
		4F0A011B294B806100279964 /* Resources */ = {
			isa = PBXResourcesBuildPhase;
			buildActionMask = 2147483647;
			files = (
				4F0A012D294B806200279964 /* LaunchScreen.storyboard in Resources */,
				4F0A012A294B806200279964 /* Assets.xcassets in Resources */,
				4F0A0128294B806100279964 /* Main.storyboard in Resources */,
			);
			runOnlyForDeploymentPostprocessing = 0;
		};
/* End PBXResourcesBuildPhase section */

/* Begin PBXSourcesBuildPhase section */
		4F0A0119294B806100279964 /* Sources */ = {
			isa = PBXSourcesBuildPhase;
			buildActionMask = 2147483647;
			files = (
				4F0A013F294B816200279964 /* AddNoteCell.swift in Sources */,
				4F0A0125294B806100279964 /* ViewController.swift in Sources */,
				4F0A0142294B816200279964 /* UIViewPin.swift in Sources */,
				4F0A0121294B806100279964 /* AppDelegate.swift in Sources */,
				4F0A0144294B816200279964 /* NewsCell.swift in Sources */,
				4F0A0123294B806100279964 /* SceneDelegate.swift in Sources */,
				4F0A0140294B816200279964 /* ColorPaletteView.swift in Sources */,
				4F0A0143294B816200279964 /* NewsViewController.swift in Sources */,
				4F0A0146294B816200279964 /* NotesViewController.swift in Sources */,
				4F0A0141294B816200279964 /* NoteCell.swift in Sources */,
				4F0A0145294B816200279964 /* ShortNote.swift in Sources */,
				4F0A013E294B816200279964 /* NewsViewModel.swift in Sources */,
				4F0A0147294B816200279964 /* NewsListViewController.swift in Sources */,
			);
			runOnlyForDeploymentPostprocessing = 0;
		};
/* End PBXSourcesBuildPhase section */

/* Begin PBXVariantGroup section */
		4F0A0126294B806100279964 /* Main.storyboard */ = {
			isa = PBXVariantGroup;
			children = (
				4F0A0127294B806100279964 /* Base */,
			);
			name = Main.storyboard;
			sourceTree = "<group>";
		};
		4F0A012B294B806200279964 /* LaunchScreen.storyboard */ = {
			isa = PBXVariantGroup;
			children = (
				4F0A012C294B806200279964 /* Base */,
			);
			name = LaunchScreen.storyboard;
			sourceTree = "<group>";
		};
/* End PBXVariantGroup section */

/* Begin XCBuildConfiguration section */
		4F0A012F294B806200279964 /* Debug */ = {
			isa = XCBuildConfiguration;
			buildSettings = {
				ALWAYS_SEARCH_USER_PATHS = NO;
				CLANG_ANALYZER_NONNULL = YES;
				CLANG_ANALYZER_NUMBER_OBJECT_CONVERSION = YES_AGGRESSIVE;
				CLANG_CXX_LANGUAGE_STANDARD = "gnu++20";
				CLANG_ENABLE_MODULES = YES;
				CLANG_ENABLE_OBJC_ARC = YES;
				CLANG_ENABLE_OBJC_WEAK = YES;
				CLANG_WARN_BLOCK_CAPTURE_AUTORELEASING = YES;
				CLANG_WARN_BOOL_CONVERSION = YES;
				CLANG_WARN_COMMA = YES;
				CLANG_WARN_CONSTANT_CONVERSION = YES;
				CLANG_WARN_DEPRECATED_OBJC_IMPLEMENTATIONS = YES;
				CLANG_WARN_DIRECT_OBJC_ISA_USAGE = YES_ERROR;
				CLANG_WARN_DOCUMENTATION_COMMENTS = YES;
				CLANG_WARN_EMPTY_BODY = YES;
				CLANG_WARN_ENUM_CONVERSION = YES;
				CLANG_WARN_INFINITE_RECURSION = YES;
				CLANG_WARN_INT_CONVERSION = YES;
				CLANG_WARN_NON_LITERAL_NULL_CONVERSION = YES;
				CLANG_WARN_OBJC_IMPLICIT_RETAIN_SELF = YES;
				CLANG_WARN_OBJC_LITERAL_CONVERSION = YES;
				CLANG_WARN_OBJC_ROOT_CLASS = YES_ERROR;
				CLANG_WARN_QUOTED_INCLUDE_IN_FRAMEWORK_HEADER = YES;
				CLANG_WARN_RANGE_LOOP_ANALYSIS = YES;
				CLANG_WARN_STRICT_PROTOTYPES = YES;
				CLANG_WARN_SUSPICIOUS_MOVE = YES;
				CLANG_WARN_UNGUARDED_AVAILABILITY = YES_AGGRESSIVE;
				CLANG_WARN_UNREACHABLE_CODE = YES;
				CLANG_WARN__DUPLICATE_METHOD_MATCH = YES;
				COPY_PHASE_STRIP = NO;
				DEBUG_INFORMATION_FORMAT = dwarf;
				ENABLE_STRICT_OBJC_MSGSEND = YES;
				ENABLE_TESTABILITY = YES;
				GCC_C_LANGUAGE_STANDARD = gnu11;
				GCC_DYNAMIC_NO_PIC = NO;
				GCC_NO_COMMON_BLOCKS = YES;
				GCC_OPTIMIZATION_LEVEL = 0;
				GCC_PREPROCESSOR_DEFINITIONS = (
					"DEBUG=1",
					"$(inherited)",
				);
				GCC_WARN_64_TO_32_BIT_CONVERSION = YES;
				GCC_WARN_ABOUT_RETURN_TYPE = YES_ERROR;
				GCC_WARN_UNDECLARED_SELECTOR = YES;
				GCC_WARN_UNINITIALIZED_AUTOS = YES_AGGRESSIVE;
				GCC_WARN_UNUSED_FUNCTION = YES;
				GCC_WARN_UNUSED_VARIABLE = YES;
				IPHONEOS_DEPLOYMENT_TARGET = 16.1;
				MTL_ENABLE_DEBUG_INFO = INCLUDE_SOURCE;
				MTL_FAST_MATH = YES;
				ONLY_ACTIVE_ARCH = YES;
				SDKROOT = iphoneos;
				SWIFT_ACTIVE_COMPILATION_CONDITIONS = DEBUG;
				SWIFT_OPTIMIZATION_LEVEL = "-Onone";
			};
			name = Debug;
		};
		4F0A0130294B806200279964 /* Release */ = {
			isa = XCBuildConfiguration;
			buildSettings = {
				ALWAYS_SEARCH_USER_PATHS = NO;
				CLANG_ANALYZER_NONNULL = YES;
				CLANG_ANALYZER_NUMBER_OBJECT_CONVERSION = YES_AGGRESSIVE;
				CLANG_CXX_LANGUAGE_STANDARD = "gnu++20";
				CLANG_ENABLE_MODULES = YES;
				CLANG_ENABLE_OBJC_ARC = YES;
				CLANG_ENABLE_OBJC_WEAK = YES;
				CLANG_WARN_BLOCK_CAPTURE_AUTORELEASING = YES;
				CLANG_WARN_BOOL_CONVERSION = YES;
				CLANG_WARN_COMMA = YES;
				CLANG_WARN_CONSTANT_CONVERSION = YES;
				CLANG_WARN_DEPRECATED_OBJC_IMPLEMENTATIONS = YES;
				CLANG_WARN_DIRECT_OBJC_ISA_USAGE = YES_ERROR;
				CLANG_WARN_DOCUMENTATION_COMMENTS = YES;
				CLANG_WARN_EMPTY_BODY = YES;
				CLANG_WARN_ENUM_CONVERSION = YES;
				CLANG_WARN_INFINITE_RECURSION = YES;
				CLANG_WARN_INT_CONVERSION = YES;
				CLANG_WARN_NON_LITERAL_NULL_CONVERSION = YES;
				CLANG_WARN_OBJC_IMPLICIT_RETAIN_SELF = YES;
				CLANG_WARN_OBJC_LITERAL_CONVERSION = YES;
				CLANG_WARN_OBJC_ROOT_CLASS = YES_ERROR;
				CLANG_WARN_QUOTED_INCLUDE_IN_FRAMEWORK_HEADER = YES;
				CLANG_WARN_RANGE_LOOP_ANALYSIS = YES;
				CLANG_WARN_STRICT_PROTOTYPES = YES;
				CLANG_WARN_SUSPICIOUS_MOVE = YES;
				CLANG_WARN_UNGUARDED_AVAILABILITY = YES_AGGRESSIVE;
				CLANG_WARN_UNREACHABLE_CODE = YES;
				CLANG_WARN__DUPLICATE_METHOD_MATCH = YES;
				COPY_PHASE_STRIP = NO;
				DEBUG_INFORMATION_FORMAT = "dwarf-with-dsym";
				ENABLE_NS_ASSERTIONS = NO;
				ENABLE_STRICT_OBJC_MSGSEND = YES;
				GCC_C_LANGUAGE_STANDARD = gnu11;
				GCC_NO_COMMON_BLOCKS = YES;
				GCC_WARN_64_TO_32_BIT_CONVERSION = YES;
				GCC_WARN_ABOUT_RETURN_TYPE = YES_ERROR;
				GCC_WARN_UNDECLARED_SELECTOR = YES;
				GCC_WARN_UNINITIALIZED_AUTOS = YES_AGGRESSIVE;
				GCC_WARN_UNUSED_FUNCTION = YES;
				GCC_WARN_UNUSED_VARIABLE = YES;
				IPHONEOS_DEPLOYMENT_TARGET = 16.1;
				MTL_ENABLE_DEBUG_INFO = NO;
				MTL_FAST_MATH = YES;
				SDKROOT = iphoneos;
				SWIFT_COMPILATION_MODE = wholemodule;
				SWIFT_OPTIMIZATION_LEVEL = "-O";
				VALIDATE_PRODUCT = YES;
			};
			name = Release;
		};
		4F0A0132294B806200279964 /* Debug */ = {
			isa = XCBuildConfiguration;
			buildSettings = {
				ASSETCATALOG_COMPILER_APPICON_NAME = AppIcon;
				ASSETCATALOG_COMPILER_GLOBAL_ACCENT_COLOR_NAME = AccentColor;
				CODE_SIGN_STYLE = Automatic;
				CURRENT_PROJECT_VERSION = 1;
				DEVELOPMENT_TEAM = BQVC4TTX35;
				GENERATE_INFOPLIST_FILE = YES;
				INFOPLIST_FILE = bgsavkoHW5/Info.plist;
				INFOPLIST_KEY_UIApplicationSupportsIndirectInputEvents = YES;
				INFOPLIST_KEY_UILaunchStoryboardName = LaunchScreen;
				INFOPLIST_KEY_UIMainStoryboardFile = "";
				INFOPLIST_KEY_UISupportedInterfaceOrientations_iPad = "UIInterfaceOrientationPortrait UIInterfaceOrientationPortraitUpsideDown UIInterfaceOrientationLandscapeLeft UIInterfaceOrientationLandscapeRight";
				INFOPLIST_KEY_UISupportedInterfaceOrientations_iPhone = "UIInterfaceOrientationPortrait UIInterfaceOrientationLandscapeLeft UIInterfaceOrientationLandscapeRight";
				LD_RUNPATH_SEARCH_PATHS = (
					"$(inherited)",
					"@executable_path/Frameworks",
				);
				MARKETING_VERSION = 1.0;
				PRODUCT_BUNDLE_IDENTIFIER = hse.bgsavkoHW5;
				PRODUCT_NAME = "$(TARGET_NAME)";
				SWIFT_EMIT_LOC_STRINGS = YES;
				SWIFT_VERSION = 5.0;
				TARGETED_DEVICE_FAMILY = "1,2";
			};
			name = Debug;
		};
		4F0A0133294B806200279964 /* Release */ = {
			isa = XCBuildConfiguration;
			buildSettings = {
				ASSETCATALOG_COMPILER_APPICON_NAME = AppIcon;
				ASSETCATALOG_COMPILER_GLOBAL_ACCENT_COLOR_NAME = AccentColor;
				CODE_SIGN_STYLE = Automatic;
				CURRENT_PROJECT_VERSION = 1;
				DEVELOPMENT_TEAM = BQVC4TTX35;
				GENERATE_INFOPLIST_FILE = YES;
				INFOPLIST_FILE = bgsavkoHW5/Info.plist;
				INFOPLIST_KEY_UIApplicationSupportsIndirectInputEvents = YES;
				INFOPLIST_KEY_UILaunchStoryboardName = LaunchScreen;
				INFOPLIST_KEY_UIMainStoryboardFile = "";
				INFOPLIST_KEY_UISupportedInterfaceOrientations_iPad = "UIInterfaceOrientationPortrait UIInterfaceOrientationPortraitUpsideDown UIInterfaceOrientationLandscapeLeft UIInterfaceOrientationLandscapeRight";
				INFOPLIST_KEY_UISupportedInterfaceOrientations_iPhone = "UIInterfaceOrientationPortrait UIInterfaceOrientationLandscapeLeft UIInterfaceOrientationLandscapeRight";
				LD_RUNPATH_SEARCH_PATHS = (
					"$(inherited)",
					"@executable_path/Frameworks",
				);
				MARKETING_VERSION = 1.0;
				PRODUCT_BUNDLE_IDENTIFIER = hse.bgsavkoHW5;
				PRODUCT_NAME = "$(TARGET_NAME)";
				SWIFT_EMIT_LOC_STRINGS = YES;
				SWIFT_VERSION = 5.0;
				TARGETED_DEVICE_FAMILY = "1,2";
			};
			name = Release;
		};
/* End XCBuildConfiguration section */

/* Begin XCConfigurationList section */
		4F0A0118294B806100279964 /* Build configuration list for PBXProject "bgsavkoHW5" */ = {
			isa = XCConfigurationList;
			buildConfigurations = (
				4F0A012F294B806200279964 /* Debug */,
				4F0A0130294B806200279964 /* Release */,
			);
			defaultConfigurationIsVisible = 0;
			defaultConfigurationName = Release;
		};
		4F0A0131294B806200279964 /* Build configuration list for PBXNativeTarget "bgsavkoHW5" */ = {
			isa = XCConfigurationList;
			buildConfigurations = (
				4F0A0132294B806200279964 /* Debug */,
				4F0A0133294B806200279964 /* Release */,
			);
			defaultConfigurationIsVisible = 0;
			defaultConfigurationName = Release;
		};
/* End XCConfigurationList section */
	};
	rootObject = 4F0A0115294B806100279964 /* Project object */;
}
