// !$*UTF8*$!
{
	archiveVersion = 1;
	classes = {
	};
	objectVersion = 56;
	objects = {

/* Begin PBXBuildFile section */
		4F9E3EED28F06F8300BFF2FD /* AppDelegate.swift in Sources */ = {isa = PBXBuildFile; fileRef = 4F9E3EEC28F06F8300BFF2FD /* AppDelegate.swift */; };
		4F9E3EEF28F06F8300BFF2FD /* SceneDelegate.swift in Sources */ = {isa = PBXBuildFile; fileRef = 4F9E3EEE28F06F8300BFF2FD /* SceneDelegate.swift */; };
		4F9E3EF128F06F8300BFF2FD /* ViewController.swift in Sources */ = {isa = PBXBuildFile; fileRef = 4F9E3EF028F06F8300BFF2FD /* ViewController.swift */; };
		4F9E3EF628F06F9300BFF2FD /* Assets.xcassets in Resources */ = {isa = PBXBuildFile; fileRef = 4F9E3EF528F06F9300BFF2FD /* Assets.xcassets */; };
		4F9E3EF928F06F9300BFF2FD /* LaunchScreen.storyboard in Resources */ = {isa = PBXBuildFile; fileRef = 4F9E3EF728F06F9300BFF2FD /* LaunchScreen.storyboard */; };
		4F9E3F0128F0722B00BFF2FD /* UIViewPin.swift in Sources */ = {isa = PBXBuildFile; fileRef = 4F9E3F0028F0722B00BFF2FD /* UIViewPin.swift */; };
		4F9E3F0328F0726300BFF2FD /* ColorPaletteView.swift in Sources */ = {isa = PBXBuildFile; fileRef = 4F9E3F0228F0726300BFF2FD /* ColorPaletteView.swift */; };
		4F9E3F0528F072ED00BFF2FD /* NotesViewController.swift in Sources */ = {isa = PBXBuildFile; fileRef = 4F9E3F0428F072ED00BFF2FD /* NotesViewController.swift */; };
		4F9E3F0728F07B0900BFF2FD /* ShortNote.swift in Sources */ = {isa = PBXBuildFile; fileRef = 4F9E3F0628F07B0900BFF2FD /* ShortNote.swift */; };
		4F9E3F0928F0801800BFF2FD /* NoteCell.swift in Sources */ = {isa = PBXBuildFile; fileRef = 4F9E3F0828F0801800BFF2FD /* NoteCell.swift */; };
		4F9E3F0B28F08ACD00BFF2FD /* AddNoteCell.swift in Sources */ = {isa = PBXBuildFile; fileRef = 4F9E3F0A28F08ACD00BFF2FD /* AddNoteCell.swift */; };
/* End PBXBuildFile section */

/* Begin PBXFileReference section */
		4F9E3EE928F06F8300BFF2FD /* bgsavkoHW4.app */ = {isa = PBXFileReference; explicitFileType = wrapper.application; includeInIndex = 0; path = bgsavkoHW4.app; sourceTree = BUILT_PRODUCTS_DIR; };
		4F9E3EEC28F06F8300BFF2FD /* AppDelegate.swift */ = {isa = PBXFileReference; lastKnownFileType = sourcecode.swift; path = AppDelegate.swift; sourceTree = "<group>"; };
		4F9E3EEE28F06F8300BFF2FD /* SceneDelegate.swift */ = {isa = PBXFileReference; lastKnownFileType = sourcecode.swift; path = SceneDelegate.swift; sourceTree = "<group>"; };
		4F9E3EF028F06F8300BFF2FD /* ViewController.swift */ = {isa = PBXFileReference; lastKnownFileType = sourcecode.swift; path = ViewController.swift; sourceTree = "<group>"; };
		4F9E3EF528F06F9300BFF2FD /* Assets.xcassets */ = {isa = PBXFileReference; lastKnownFileType = folder.assetcatalog; path = Assets.xcassets; sourceTree = "<group>"; };
		4F9E3EF828F06F9300BFF2FD /* Base */ = {isa = PBXFileReference; lastKnownFileType = file.storyboard; name = Base; path = Base.lproj/LaunchScreen.storyboard; sourceTree = "<group>"; };
		4F9E3EFA28F06F9300BFF2FD /* Info.plist */ = {isa = PBXFileReference; lastKnownFileType = text.plist.xml; path = Info.plist; sourceTree = "<group>"; };
		4F9E3F0028F0722B00BFF2FD /* UIViewPin.swift */ = {isa = PBXFileReference; lastKnownFileType = sourcecode.swift; path = UIViewPin.swift; sourceTree = "<group>"; };
		4F9E3F0228F0726300BFF2FD /* ColorPaletteView.swift */ = {isa = PBXFileReference; lastKnownFileType = sourcecode.swift; path = ColorPaletteView.swift; sourceTree = "<group>"; };
		4F9E3F0428F072ED00BFF2FD /* NotesViewController.swift */ = {isa = PBXFileReference; lastKnownFileType = sourcecode.swift; path = NotesViewController.swift; sourceTree = "<group>"; };
		4F9E3F0628F07B0900BFF2FD /* ShortNote.swift */ = {isa = PBXFileReference; lastKnownFileType = sourcecode.swift; path = ShortNote.swift; sourceTree = "<group>"; };
		4F9E3F0828F0801800BFF2FD /* NoteCell.swift */ = {isa = PBXFileReference; lastKnownFileType = sourcecode.swift; path = NoteCell.swift; sourceTree = "<group>"; };
		4F9E3F0A28F08ACD00BFF2FD /* AddNoteCell.swift */ = {isa = PBXFileReference; lastKnownFileType = sourcecode.swift; path = AddNoteCell.swift; sourceTree = "<group>"; };
/* End PBXFileReference section */

/* Begin PBXFrameworksBuildPhase section */
		4F9E3EE628F06F8300BFF2FD /* Frameworks */ = {
			isa = PBXFrameworksBuildPhase;
			buildActionMask = 2147483647;
			files = (
			);
			runOnlyForDeploymentPostprocessing = 0;
		};
/* End PBXFrameworksBuildPhase section */

/* Begin PBXGroup section */
		4F9E3EE028F06F8300BFF2FD = {
			isa = PBXGroup;
			children = (
				4F9E3EEB28F06F8300BFF2FD /* bgsavkoHW4 */,
				4F9E3EEA28F06F8300BFF2FD /* Products */,
			);
			sourceTree = "<group>";
		};
		4F9E3EEA28F06F8300BFF2FD /* Products */ = {
			isa = PBXGroup;
			children = (
				4F9E3EE928F06F8300BFF2FD /* bgsavkoHW4.app */,
			);
			name = Products;
			sourceTree = "<group>";
		};
		4F9E3EEB28F06F8300BFF2FD /* bgsavkoHW4 */ = {
			isa = PBXGroup;
			children = (
				4F9E3EEC28F06F8300BFF2FD /* AppDelegate.swift */,
				4F9E3EEE28F06F8300BFF2FD /* SceneDelegate.swift */,
				4F9E3EF028F06F8300BFF2FD /* ViewController.swift */,
				4F9E3F0428F072ED00BFF2FD /* NotesViewController.swift */,
				4F9E3F0A28F08ACD00BFF2FD /* AddNoteCell.swift */,
				4F9E3F0828F0801800BFF2FD /* NoteCell.swift */,
				4F9E3EF528F06F9300BFF2FD /* Assets.xcassets */,
				4F9E3EF728F06F9300BFF2FD /* LaunchScreen.storyboard */,
				4F9E3EFA28F06F9300BFF2FD /* Info.plist */,
				4F9E3F0028F0722B00BFF2FD /* UIViewPin.swift */,
				4F9E3F0228F0726300BFF2FD /* ColorPaletteView.swift */,
				4F9E3F0628F07B0900BFF2FD /* ShortNote.swift */,
			);
			path = bgsavkoHW4;
			sourceTree = "<group>";
		};
/* End PBXGroup section */

/* Begin PBXNativeTarget section */
		4F9E3EE828F06F8300BFF2FD /* bgsavkoHW4 */ = {
			isa = PBXNativeTarget;
			buildConfigurationList = 4F9E3EFD28F06F9300BFF2FD /* Build configuration list for PBXNativeTarget "bgsavkoHW4" */;
			buildPhases = (
				4F9E3EE528F06F8300BFF2FD /* Sources */,
				4F9E3EE628F06F8300BFF2FD /* Frameworks */,
				4F9E3EE728F06F8300BFF2FD /* Resources */,
			);
			buildRules = (
			);
			dependencies = (
			);
			name = bgsavkoHW4;
			productName = bgsavkoHW4;
			productReference = 4F9E3EE928F06F8300BFF2FD /* bgsavkoHW4.app */;
			productType = "com.apple.product-type.application";
		};
/* End PBXNativeTarget section */

/* Begin PBXProject section */
		4F9E3EE128F06F8300BFF2FD /* Project object */ = {
			isa = PBXProject;
			attributes = {
				BuildIndependentTargetsInParallel = 1;
				LastSwiftUpdateCheck = 1400;
				LastUpgradeCheck = 1400;
				TargetAttributes = {
					4F9E3EE828F06F8300BFF2FD = {
						CreatedOnToolsVersion = 14.0;
					};
				};
			};
			buildConfigurationList = 4F9E3EE428F06F8300BFF2FD /* Build configuration list for PBXProject "bgsavkoHW4" */;
			compatibilityVersion = "Xcode 14.0";
			developmentRegion = en;
			hasScannedForEncodings = 0;
			knownRegions = (
				en,
				Base,
			);
			mainGroup = 4F9E3EE028F06F8300BFF2FD;
			productRefGroup = 4F9E3EEA28F06F8300BFF2FD /* Products */;
			projectDirPath = "";
			projectRoot = "";
			targets = (
				4F9E3EE828F06F8300BFF2FD /* bgsavkoHW4 */,
			);
		};
/* End PBXProject section */

/* Begin PBXResourcesBuildPhase section */
		4F9E3EE728F06F8300BFF2FD /* Resources */ = {
			isa = PBXResourcesBuildPhase;
			buildActionMask = 2147483647;
			files = (
				4F9E3EF928F06F9300BFF2FD /* LaunchScreen.storyboard in Resources */,
				4F9E3EF628F06F9300BFF2FD /* Assets.xcassets in Resources */,
			);
			runOnlyForDeploymentPostprocessing = 0;
		};
/* End PBXResourcesBuildPhase section */

/* Begin PBXSourcesBuildPhase section */
		4F9E3EE528F06F8300BFF2FD /* Sources */ = {
			isa = PBXSourcesBuildPhase;
			buildActionMask = 2147483647;
			files = (
				4F9E3EF128F06F8300BFF2FD /* ViewController.swift in Sources */,
				4F9E3F0728F07B0900BFF2FD /* ShortNote.swift in Sources */,
				4F9E3F0328F0726300BFF2FD /* ColorPaletteView.swift in Sources */,
				4F9E3EED28F06F8300BFF2FD /* AppDelegate.swift in Sources */,
				4F9E3F0B28F08ACD00BFF2FD /* AddNoteCell.swift in Sources */,
				4F9E3F0528F072ED00BFF2FD /* NotesViewController.swift in Sources */,
				4F9E3F0128F0722B00BFF2FD /* UIViewPin.swift in Sources */,
				4F9E3EEF28F06F8300BFF2FD /* SceneDelegate.swift in Sources */,
				4F9E3F0928F0801800BFF2FD /* NoteCell.swift in Sources */,
			);
			runOnlyForDeploymentPostprocessing = 0;
		};
/* End PBXSourcesBuildPhase section */

/* Begin PBXVariantGroup section */
		4F9E3EF728F06F9300BFF2FD /* LaunchScreen.storyboard */ = {
			isa = PBXVariantGroup;
			children = (
				4F9E3EF828F06F9300BFF2FD /* Base */,
			);
			name = LaunchScreen.storyboard;
			sourceTree = "<group>";
		};
/* End PBXVariantGroup section */

/* Begin XCBuildConfiguration section */
		4F9E3EFB28F06F9300BFF2FD /* Debug */ = {
			isa = XCBuildConfiguration;
			buildSettings = {
				ALWAYS_SEARCH_USER_PATHS = NO;
				CLANG_ANALYZER_NONNULL = YES;
				CLANG_ANALYZER_NUMBER_OBJECT_CONVERSION = YES_AGGRESSIVE;
				CLANG_CXX_LANGUAGE_STANDARD = "gnu++20";
				CLANG_ENABLE_MODULES = YES;
				CLANG_ENABLE_OBJC_ARC = YES;
				CLANG_ENABLE_OBJC_WEAK = YES;
				CLANG_WARN_BLOCK_CAPTURE_AUTORELEASING = YES;
				CLANG_WARN_BOOL_CONVERSION = YES;
				CLANG_WARN_COMMA = YES;
				CLANG_WARN_CONSTANT_CONVERSION = YES;
				CLANG_WARN_DEPRECATED_OBJC_IMPLEMENTATIONS = YES;
				CLANG_WARN_DIRECT_OBJC_ISA_USAGE = YES_ERROR;
				CLANG_WARN_DOCUMENTATION_COMMENTS = YES;
				CLANG_WARN_EMPTY_BODY = YES;
				CLANG_WARN_ENUM_CONVERSION = YES;
				CLANG_WARN_INFINITE_RECURSION = YES;
				CLANG_WARN_INT_CONVERSION = YES;
				CLANG_WARN_NON_LITERAL_NULL_CONVERSION = YES;
				CLANG_WARN_OBJC_IMPLICIT_RETAIN_SELF = YES;
				CLANG_WARN_OBJC_LITERAL_CONVERSION = YES;
				CLANG_WARN_OBJC_ROOT_CLASS = YES_ERROR;
				CLANG_WARN_QUOTED_INCLUDE_IN_FRAMEWORK_HEADER = YES;
				CLANG_WARN_RANGE_LOOP_ANALYSIS = YES;
				CLANG_WARN_STRICT_PROTOTYPES = YES;
				CLANG_WARN_SUSPICIOUS_MOVE = YES;
				CLANG_WARN_UNGUARDED_AVAILABILITY = YES_AGGRESSIVE;
				CLANG_WARN_UNREACHABLE_CODE = YES;
				CLANG_WARN__DUPLICATE_METHOD_MATCH = YES;
				COPY_PHASE_STRIP = NO;
				DEBUG_INFORMATION_FORMAT = dwarf;
				ENABLE_STRICT_OBJC_MSGSEND = YES;
				ENABLE_TESTABILITY = YES;
				GCC_C_LANGUAGE_STANDARD = gnu11;
				GCC_DYNAMIC_NO_PIC = NO;
				GCC_NO_COMMON_BLOCKS = YES;
				GCC_OPTIMIZATION_LEVEL = 0;
				GCC_PREPROCESSOR_DEFINITIONS = (
					"DEBUG=1",
					"$(inherited)",
				);
				GCC_WARN_64_TO_32_BIT_CONVERSION = YES;
				GCC_WARN_ABOUT_RETURN_TYPE = YES_ERROR;
				GCC_WARN_UNDECLARED_SELECTOR = YES;
				GCC_WARN_UNINITIALIZED_AUTOS = YES_AGGRESSIVE;
				GCC_WARN_UNUSED_FUNCTION = YES;
				GCC_WARN_UNUSED_VARIABLE = YES;
				IPHONEOS_DEPLOYMENT_TARGET = 16.0;
				MTL_ENABLE_DEBUG_INFO = INCLUDE_SOURCE;
				MTL_FAST_MATH = YES;
				ONLY_ACTIVE_ARCH = YES;
				SDKROOT = iphoneos;
				SWIFT_ACTIVE_COMPILATION_CONDITIONS = DEBUG;
				SWIFT_OPTIMIZATION_LEVEL = "-Onone";
			};
			name = Debug;
		};
		4F9E3EFC28F06F9300BFF2FD /* Release */ = {
			isa = XCBuildConfiguration;
			buildSettings = {
				ALWAYS_SEARCH_USER_PATHS = NO;
				CLANG_ANALYZER_NONNULL = YES;
				CLANG_ANALYZER_NUMBER_OBJECT_CONVERSION = YES_AGGRESSIVE;
				CLANG_CXX_LANGUAGE_STANDARD = "gnu++20";
				CLANG_ENABLE_MODULES = YES;
				CLANG_ENABLE_OBJC_ARC = YES;
				CLANG_ENABLE_OBJC_WEAK = YES;
				CLANG_WARN_BLOCK_CAPTURE_AUTORELEASING = YES;
				CLANG_WARN_BOOL_CONVERSION = YES;
				CLANG_WARN_COMMA = YES;
				CLANG_WARN_CONSTANT_CONVERSION = YES;
				CLANG_WARN_DEPRECATED_OBJC_IMPLEMENTATIONS = YES;
				CLANG_WARN_DIRECT_OBJC_ISA_USAGE = YES_ERROR;
				CLANG_WARN_DOCUMENTATION_COMMENTS = YES;
				CLANG_WARN_EMPTY_BODY = YES;
				CLANG_WARN_ENUM_CONVERSION = YES;
				CLANG_WARN_INFINITE_RECURSION = YES;
				CLANG_WARN_INT_CONVERSION = YES;
				CLANG_WARN_NON_LITERAL_NULL_CONVERSION = YES;
				CLANG_WARN_OBJC_IMPLICIT_RETAIN_SELF = YES;
				CLANG_WARN_OBJC_LITERAL_CONVERSION = YES;
				CLANG_WARN_OBJC_ROOT_CLASS = YES_ERROR;
				CLANG_WARN_QUOTED_INCLUDE_IN_FRAMEWORK_HEADER = YES;
				CLANG_WARN_RANGE_LOOP_ANALYSIS = YES;
				CLANG_WARN_STRICT_PROTOTYPES = YES;
				CLANG_WARN_SUSPICIOUS_MOVE = YES;
				CLANG_WARN_UNGUARDED_AVAILABILITY = YES_AGGRESSIVE;
				CLANG_WARN_UNREACHABLE_CODE = YES;
				CLANG_WARN__DUPLICATE_METHOD_MATCH = YES;
				COPY_PHASE_STRIP = NO;
				DEBUG_INFORMATION_FORMAT = "dwarf-with-dsym";
				ENABLE_NS_ASSERTIONS = NO;
				ENABLE_STRICT_OBJC_MSGSEND = YES;
				GCC_C_LANGUAGE_STANDARD = gnu11;
				GCC_NO_COMMON_BLOCKS = YES;
				GCC_WARN_64_TO_32_BIT_CONVERSION = YES;
				GCC_WARN_ABOUT_RETURN_TYPE = YES_ERROR;
				GCC_WARN_UNDECLARED_SELECTOR = YES;
				GCC_WARN_UNINITIALIZED_AUTOS = YES_AGGRESSIVE;
				GCC_WARN_UNUSED_FUNCTION = YES;
				GCC_WARN_UNUSED_VARIABLE = YES;
				IPHONEOS_DEPLOYMENT_TARGET = 16.0;
				MTL_ENABLE_DEBUG_INFO = NO;
				MTL_FAST_MATH = YES;
				SDKROOT = iphoneos;
				SWIFT_COMPILATION_MODE = wholemodule;
				SWIFT_OPTIMIZATION_LEVEL = "-O";
				VALIDATE_PRODUCT = YES;
			};
			name = Release;
		};
		4F9E3EFE28F06F9300BFF2FD /* Debug */ = {
			isa = XCBuildConfiguration;
			buildSettings = {
				ASSETCATALOG_COMPILER_APPICON_NAME = AppIcon;
				ASSETCATALOG_COMPILER_GLOBAL_ACCENT_COLOR_NAME = AccentColor;
				CODE_SIGN_STYLE = Automatic;
				CURRENT_PROJECT_VERSION = 1;
				DEVELOPMENT_TEAM = BQVC4TTX35;
				GENERATE_INFOPLIST_FILE = YES;
				INFOPLIST_FILE = bgsavkoHW4/Info.plist;
				INFOPLIST_KEY_UIApplicationSupportsIndirectInputEvents = YES;
				INFOPLIST_KEY_UILaunchStoryboardName = LaunchScreen;
				INFOPLIST_KEY_UIMainStoryboardFile = "";
				INFOPLIST_KEY_UISupportedInterfaceOrientations_iPad = "UIInterfaceOrientationPortrait UIInterfaceOrientationPortraitUpsideDown UIInterfaceOrientationLandscapeLeft UIInterfaceOrientationLandscapeRight";
				INFOPLIST_KEY_UISupportedInterfaceOrientations_iPhone = "UIInterfaceOrientationPortrait UIInterfaceOrientationLandscapeLeft UIInterfaceOrientationLandscapeRight";
				LD_RUNPATH_SEARCH_PATHS = (
					"$(inherited)",
					"@executable_path/Frameworks",
				);
				MARKETING_VERSION = 1.0;
				PRODUCT_BUNDLE_IDENTIFIER = hse.bgsavkoHW4;
				PRODUCT_NAME = "$(TARGET_NAME)";
				SWIFT_EMIT_LOC_STRINGS = YES;
				SWIFT_VERSION = 5.0;
				TARGETED_DEVICE_FAMILY = "1,2";
			};
			name = Debug;
		};
		4F9E3EFF28F06F9300BFF2FD /* Release */ = {
			isa = XCBuildConfiguration;
			buildSettings = {
				ASSETCATALOG_COMPILER_APPICON_NAME = AppIcon;
				ASSETCATALOG_COMPILER_GLOBAL_ACCENT_COLOR_NAME = AccentColor;
				CODE_SIGN_STYLE = Automatic;
				CURRENT_PROJECT_VERSION = 1;
				DEVELOPMENT_TEAM = BQVC4TTX35;
				GENERATE_INFOPLIST_FILE = YES;
				INFOPLIST_FILE = bgsavkoHW4/Info.plist;
				INFOPLIST_KEY_UIApplicationSupportsIndirectInputEvents = YES;
				INFOPLIST_KEY_UILaunchStoryboardName = LaunchScreen;
				INFOPLIST_KEY_UISupportedInterfaceOrientations_iPad = "UIInterfaceOrientationPortrait UIInterfaceOrientationPortraitUpsideDown UIInterfaceOrientationLandscapeLeft UIInterfaceOrientationLandscapeRight";
				INFOPLIST_KEY_UISupportedInterfaceOrientations_iPhone = "UIInterfaceOrientationPortrait UIInterfaceOrientationLandscapeLeft UIInterfaceOrientationLandscapeRight";
				LD_RUNPATH_SEARCH_PATHS = (
					"$(inherited)",
					"@executable_path/Frameworks",
				);
				MARKETING_VERSION = 1.0;
				PRODUCT_BUNDLE_IDENTIFIER = hse.bgsavkoHW4;
				PRODUCT_NAME = "$(TARGET_NAME)";
				SWIFT_EMIT_LOC_STRINGS = YES;
				SWIFT_VERSION = 5.0;
				TARGETED_DEVICE_FAMILY = "1,2";
			};
			name = Release;
		};
/* End XCBuildConfiguration section */

/* Begin XCConfigurationList section */
		4F9E3EE428F06F8300BFF2FD /* Build configuration list for PBXProject "bgsavkoHW4" */ = {
			isa = XCConfigurationList;
			buildConfigurations = (
				4F9E3EFB28F06F9300BFF2FD /* Debug */,
				4F9E3EFC28F06F9300BFF2FD /* Release */,
			);
			defaultConfigurationIsVisible = 0;
			defaultConfigurationName = Release;
		};
		4F9E3EFD28F06F9300BFF2FD /* Build configuration list for PBXNativeTarget "bgsavkoHW4" */ = {
			isa = XCConfigurationList;
			buildConfigurations = (
				4F9E3EFE28F06F9300BFF2FD /* Debug */,
				4F9E3EFF28F06F9300BFF2FD /* Release */,
			);
			defaultConfigurationIsVisible = 0;
			defaultConfigurationName = Release;
		};
/* End XCConfigurationList section */
	};
	rootObject = 4F9E3EE128F06F8300BFF2FD /* Project object */;
}
